{
  "name": "@edx/typescript-config",
  "version": "1.0.0-semantically-released",
  "lockfileVersion": 3,
  "requires": true,
  "packages": {
    "": {
      "name": "@edx/typescript-config",
      "version": "1.0.0-semantically-released",
      "license": "MIT",
      "devDependencies": {}
    }
  }
}
